
Microsoft Visual Studio Solution File, Format Version 12.00
# Visual Studio Version 17
VisualStudioVersion = 17.10.34928.147
MinimumVisualStudioVersion = 10.0.40219.1
Project("{FAE04EC0-301F-11D3-BF4B-00C04F79EFBC}") = "Rot13Console", "Rot13Console\Rot13Console.csproj", "{5677F6EF-A933-42A6-A356-1F35E027A12E}"
EndProject
Global
	GlobalSection(SolutionConfigurationPlatforms) = preSolution
		Debug|Any CPU = Debug|Any CPU
		Release|Any CPU = Release|Any CPU
	EndGlobalSection
	GlobalSection(ProjectConfigurationPlatforms) = postSolution
		{5677F6EF-A933-42A6-A356-1F35E027A12E}.Debug|Any CPU.ActiveCfg = Debug|Any CPU
		{5677F6EF-A933-42A6-A356-1F35E027A12E}.Debug|Any CPU.Build.0 = Debug|Any CPU
		{5677F6EF-A933-42A6-A356-1F35E027A12E}.Release|Any CPU.ActiveCfg = Release|Any CPU
		{5677F6EF-A933-42A6-A356-1F35E027A12E}.Release|Any CPU.Build.0 = Release|Any CPU
	EndGlobalSection
	GlobalSection(SolutionProperties) = preSolution
		HideSolutionNode = FALSE
	EndGlobalSection
	GlobalSection(ExtensibilityGlobals) = postSolution
		SolutionGuid = {9034AD52-5631-4B41-B74E-1CE309D3A20E}
	EndGlobalSection
EndGlobal
